
Microsoft Visual Studio Solution File, Format Version 12.00
# Visual Studio 15
VisualStudioVersion = 15.0.28010.2019
MinimumVisualStudioVersion = 10.0.40219.1
Project("{9A19103F-16F7-4668-BE54-9A1E7A4F7556}") = "thZero.NetCore.Library.Asp.Instrumentation", "thZero.NetCore.Library.Asp.Instrumentation.csproj", "{3043E1BB-B2F9-482F-A54C-39E8E2CC6146}"
EndProject
Global
	GlobalSection(SolutionConfigurationPlatforms) = preSolution
		Debug|Any CPU = Debug|Any CPU
		Release|Any CPU = Release|Any CPU
	EndGlobalSection
	GlobalSection(ProjectConfigurationPlatforms) = postSolution
		{3043E1BB-B2F9-482F-A54C-39E8E2CC6146}.Debug|Any CPU.ActiveCfg = Debug|Any CPU
		{3043E1BB-B2F9-482F-A54C-39E8E2CC6146}.Debug|Any CPU.Build.0 = Debug|Any CPU
		{3043E1BB-B2F9-482F-A54C-39E8E2CC6146}.Release|Any CPU.ActiveCfg = Release|Any CPU
		{3043E1BB-B2F9-482F-A54C-39E8E2CC6146}.Release|Any CPU.Build.0 = Release|Any CPU
	EndGlobalSection
	GlobalSection(SolutionProperties) = preSolution
		HideSolutionNode = FALSE
	EndGlobalSection
	GlobalSection(ExtensibilityGlobals) = postSolution
		SolutionGuid = {BCC699BB-089B-4429-B217-C09AAFF143EF}
	EndGlobalSection
EndGlobal
